# This file was autogenerated by Stack.
# You should not edit this file by hand.
# For more information, please see the documentation at:
#   https://docs.haskellstack.org/en/stable/topics/lock_files

packages:
- completed:
    hackage: ram-0.21.1@sha256:f8336299aa461ab9af291eeb36828ef40e58ca062e2ad0659ba733908137ff07,2814
    pantry-tree:
      sha256: dffa60e2eeeedb412dae27d25d3a1592693df0b7a7646e60388ae5913bebf2fd
      size: 2284
  original:
    hackage: ram-0.21.1@sha256:f8336299aa461ab9af291eeb36828ef40e58ca062e2ad0659ba733908137ff07,2814
snapshots:
- completed:
    sha256: 9444fadfa30b67a93080254d53872478c087592ad64443e47c546cdcd13149ae
    size: 678857
    url: https://raw.githubusercontent.com/commercialhaskell/stackage-snapshots/master/lts/23/0.yaml
  original: lts-23.0
